
Microsoft Visual Studio Solution File, Format Version 12.00
# Visual Studio Version 17
VisualStudioVersion = 17.14.36414.22 d17.14
MinimumVisualStudioVersion = 10.0.40219.1
Project("{FAE04EC0-301F-11D3-BF4B-00C04F79EFBC}") = "BlackSeaBassDetection", "BlackSeaBassDetection\BlackSeaBassDetection.csproj", "{F558AD3F-81A9-4DAE-9AAF-EFB5A1157286}"
EndProject
Global
	GlobalSection(SolutionConfigurationPlatforms) = preSolution
		Debug|Any CPU = Debug|Any CPU
		Release|Any CPU = Release|Any CPU
	EndGlobalSection
	GlobalSection(ProjectConfigurationPlatforms) = postSolution
		{F558AD3F-81A9-4DAE-9AAF-EFB5A1157286}.Debug|Any CPU.ActiveCfg = Debug|Any CPU
		{F558AD3F-81A9-4DAE-9AAF-EFB5A1157286}.Debug|Any CPU.Build.0 = Debug|Any CPU
		{F558AD3F-81A9-4DAE-9AAF-EFB5A1157286}.Release|Any CPU.ActiveCfg = Release|Any CPU
		{F558AD3F-81A9-4DAE-9AAF-EFB5A1157286}.Release|Any CPU.Build.0 = Release|Any CPU
	EndGlobalSection
	GlobalSection(SolutionProperties) = preSolution
		HideSolutionNode = FALSE
	EndGlobalSection
	GlobalSection(ExtensibilityGlobals) = postSolution
		SolutionGuid = {88EA7114-C219-4440-8CEB-76108C6756C1}
	EndGlobalSection
EndGlobal
